
Microsoft Visual Studio Solution File, Format Version 12.00
# Visual Studio 2012
Project("{FAE04EC0-301F-11D3-BF4B-00C04F79EFBC}") = "Heima8.OA.Model", "Heima8.OA.Model\Heima8.OA.Model.csproj", "{8E5A850C-ECD7-4272-ABDD-0A5864033B6B}"
EndProject
Project("{FAE04EC0-301F-11D3-BF4B-00C04F79EFBC}") = "Heima8.OA.EFDAL", "Heima8.OA.EFDAL\Heima8.OA.EFDAL.csproj", "{C35E0147-431E-433E-A62E-C7510C474E06}"
EndProject
Project("{FAE04EC0-301F-11D3-BF4B-00C04F79EFBC}") = "Heima8.OA.BLL", "Heima8.OA.BLL\Heima8.OA.BLL.csproj", "{5427E38B-ADF9-47BA-8485-A3BAAA87DCDB}"
EndProject
Project("{FAE04EC0-301F-11D3-BF4B-00C04F79EFBC}") = "Heima8.OA.Common", "Heima8.OA.Common\Heima8.OA.Common.csproj", "{40C09CDC-2789-40C6-95C1-71C7C99C8159}"
EndProject
Project("{FAE04EC0-301F-11D3-BF4B-00C04F79EFBC}") = "Heima8.OA.UI.Portal", "Heima8.OA.UI.Portal\Heima8.OA.UI.Portal.csproj", "{DEC71D48-C28F-4050-ADE5-603D1DD193C5}"
EndProject
Project("{FAE04EC0-301F-11D3-BF4B-00C04F79EFBC}") = "Heima8.OA.UnitTest", "Heima8.OA.UnitTest\Heima8.OA.UnitTest.csproj", "{664C7A5A-A783-48A3-BECC-7971B7313F17}"
EndProject
Project("{FAE04EC0-301F-11D3-BF4B-00C04F79EFBC}") = "Heima8.OA.IDAL", "Heima8.OA.IDAL\Heima8.OA.IDAL.csproj", "{1F913F33-A348-41D0-B117-0412F5B9CA81}"
EndProject
Project("{FAE04EC0-301F-11D3-BF4B-00C04F79EFBC}") = "Heima8.OA.NHDAL", "Heima8.OA.NHDAL\Heima8.OA.NHDAL.csproj", "{FA791295-8588-4B07-9566-906E5F055998}"
EndProject
Project("{FAE04EC0-301F-11D3-BF4B-00C04F79EFBC}") = "Heima8.OA.DALFactory", "Heima8.OA.DALFactory\Heima8.OA.DALFactory.csproj", "{82E51959-36F7-4CB3-9B14-45C7D07F89FA}"
EndProject
Project("{FAE04EC0-301F-11D3-BF4B-00C04F79EFBC}") = "Heima8.OA.IBLL", "Heima8.OA.IBLL\Heima8.OA.IBLL.csproj", "{1FB7B99A-F568-4ADE-BB48-4FDE85536F25}"
EndProject
Project("{2150E333-8FDC-42A3-9474-1A3956D46DE8}") = "DAL", "DAL", "{29E15A9C-BDF8-477C-8E64-74A4F3A9736B}"
EndProject
Project("{2150E333-8FDC-42A3-9474-1A3956D46DE8}") = "BLL", "BLL", "{756E9EAC-1D8E-435D-A351-40499D9A2924}"
EndProject
Project("{2150E333-8FDC-42A3-9474-1A3956D46DE8}") = "Model", "Model", "{9AE7D89E-4455-4A79-9F6F-D9593E250E3C}"
EndProject
Project("{2150E333-8FDC-42A3-9474-1A3956D46DE8}") = "Common", "Common", "{ACC1015E-4938-48A5-8615-3992A3EA35BE}"
EndProject
Project("{2150E333-8FDC-42A3-9474-1A3956D46DE8}") = "UI", "UI", "{64A34EC1-1192-4AE1-88C9-1A1661998120}"
EndProject
Project("{2150E333-8FDC-42A3-9474-1A3956D46DE8}") = "UnitTest", "UnitTest", "{103A8430-1DFD-4D3D-B098-9EDF9A0E68A8}"
EndProject
Project("{2150E333-8FDC-42A3-9474-1A3956D46DE8}") = "Demos", "Demos", "{0A625D58-12D2-4026-A163-945674F10482}"
EndProject
Project("{FAE04EC0-301F-11D3-BF4B-00C04F79EFBC}") = "SpringNetDemo", "SpringNetDemo\SpringNetDemo.csproj", "{7D1591C0-C271-496D-8A54-FB97E7DB9179}"
EndProject
Project("{FAE04EC0-301F-11D3-BF4B-00C04F79EFBC}") = "log4NetDemo", "log4NetDemo\log4NetDemo.csproj", "{9F1618E9-229E-4C57-A3AD-55F66998BC87}"
EndProject
Project("{FAE04EC0-301F-11D3-BF4B-00C04F79EFBC}") = "MemCachedDemo", "MemCachedDemo\MemCachedDemo.csproj", "{FE504FC2-E8FC-4500-96BA-7D24BE50A284}"
EndProject
Global
	GlobalSection(SolutionConfigurationPlatforms) = preSolution
		Debug|Any CPU = Debug|Any CPU
		Release|Any CPU = Release|Any CPU
	EndGlobalSection
	GlobalSection(ProjectConfigurationPlatforms) = postSolution
		{8E5A850C-ECD7-4272-ABDD-0A5864033B6B}.Debug|Any CPU.ActiveCfg = Debug|Any CPU
		{8E5A850C-ECD7-4272-ABDD-0A5864033B6B}.Debug|Any CPU.Build.0 = Debug|Any CPU
		{8E5A850C-ECD7-4272-ABDD-0A5864033B6B}.Release|Any CPU.ActiveCfg = Release|Any CPU
		{8E5A850C-ECD7-4272-ABDD-0A5864033B6B}.Release|Any CPU.Build.0 = Release|Any CPU
		{C35E0147-431E-433E-A62E-C7510C474E06}.Debug|Any CPU.ActiveCfg = Debug|Any CPU
		{C35E0147-431E-433E-A62E-C7510C474E06}.Debug|Any CPU.Build.0 = Debug|Any CPU
		{C35E0147-431E-433E-A62E-C7510C474E06}.Release|Any CPU.ActiveCfg = Release|Any CPU
		{C35E0147-431E-433E-A62E-C7510C474E06}.Release|Any CPU.Build.0 = Release|Any CPU
		{5427E38B-ADF9-47BA-8485-A3BAAA87DCDB}.Debug|Any CPU.ActiveCfg = Debug|Any CPU
		{5427E38B-ADF9-47BA-8485-A3BAAA87DCDB}.Debug|Any CPU.Build.0 = Debug|Any CPU
		{5427E38B-ADF9-47BA-8485-A3BAAA87DCDB}.Release|Any CPU.ActiveCfg = Release|Any CPU
		{5427E38B-ADF9-47BA-8485-A3BAAA87DCDB}.Release|Any CPU.Build.0 = Release|Any CPU
		{40C09CDC-2789-40C6-95C1-71C7C99C8159}.Debug|Any CPU.ActiveCfg = Debug|Any CPU
		{40C09CDC-2789-40C6-95C1-71C7C99C8159}.Debug|Any CPU.Build.0 = Debug|Any CPU
		{40C09CDC-2789-40C6-95C1-71C7C99C8159}.Release|Any CPU.ActiveCfg = Release|Any CPU
		{40C09CDC-2789-40C6-95C1-71C7C99C8159}.Release|Any CPU.Build.0 = Release|Any CPU
		{DEC71D48-C28F-4050-ADE5-603D1DD193C5}.Debug|Any CPU.ActiveCfg = Debug|Any CPU
		{DEC71D48-C28F-4050-ADE5-603D1DD193C5}.Debug|Any CPU.Build.0 = Debug|Any CPU
		{DEC71D48-C28F-4050-ADE5-603D1DD193C5}.Release|Any CPU.ActiveCfg = Release|Any CPU
		{DEC71D48-C28F-4050-ADE5-603D1DD193C5}.Release|Any CPU.Build.0 = Release|Any CPU
		{664C7A5A-A783-48A3-BECC-7971B7313F17}.Debug|Any CPU.ActiveCfg = Debug|Any CPU
		{664C7A5A-A783-48A3-BECC-7971B7313F17}.Debug|Any CPU.Build.0 = Debug|Any CPU
		{664C7A5A-A783-48A3-BECC-7971B7313F17}.Release|Any CPU.ActiveCfg = Release|Any CPU
		{664C7A5A-A783-48A3-BECC-7971B7313F17}.Release|Any CPU.Build.0 = Release|Any CPU
		{1F913F33-A348-41D0-B117-0412F5B9CA81}.Debug|Any CPU.ActiveCfg = Debug|Any CPU
		{1F913F33-A348-41D0-B117-0412F5B9CA81}.Debug|Any CPU.Build.0 = Debug|Any CPU
		{1F913F33-A348-41D0-B117-0412F5B9CA81}.Release|Any CPU.ActiveCfg = Release|Any CPU
		{1F913F33-A348-41D0-B117-0412F5B9CA81}.Release|Any CPU.Build.0 = Release|Any CPU
		{FA791295-8588-4B07-9566-906E5F055998}.Debug|Any CPU.ActiveCfg = Debug|Any CPU
		{FA791295-8588-4B07-9566-906E5F055998}.Debug|Any CPU.Build.0 = Debug|Any CPU
		{FA791295-8588-4B07-9566-906E5F055998}.Release|Any CPU.ActiveCfg = Release|Any CPU
		{FA791295-8588-4B07-9566-906E5F055998}.Release|Any CPU.Build.0 = Release|Any CPU
		{82E51959-36F7-4CB3-9B14-45C7D07F89FA}.Debug|Any CPU.ActiveCfg = Debug|Any CPU
		{82E51959-36F7-4CB3-9B14-45C7D07F89FA}.Debug|Any CPU.Build.0 = Debug|Any CPU
		{82E51959-36F7-4CB3-9B14-45C7D07F89FA}.Release|Any CPU.ActiveCfg = Release|Any CPU
		{82E51959-36F7-4CB3-9B14-45C7D07F89FA}.Release|Any CPU.Build.0 = Release|Any CPU
		{1FB7B99A-F568-4ADE-BB48-4FDE85536F25}.Debug|Any CPU.ActiveCfg = Debug|Any CPU
		{1FB7B99A-F568-4ADE-BB48-4FDE85536F25}.Debug|Any CPU.Build.0 = Debug|Any CPU
		{1FB7B99A-F568-4ADE-BB48-4FDE85536F25}.Release|Any CPU.ActiveCfg = Release|Any CPU
		{1FB7B99A-F568-4ADE-BB48-4FDE85536F25}.Release|Any CPU.Build.0 = Release|Any CPU
		{7D1591C0-C271-496D-8A54-FB97E7DB9179}.Debug|Any CPU.ActiveCfg = Debug|Any CPU
		{7D1591C0-C271-496D-8A54-FB97E7DB9179}.Debug|Any CPU.Build.0 = Debug|Any CPU
		{7D1591C0-C271-496D-8A54-FB97E7DB9179}.Release|Any CPU.ActiveCfg = Release|Any CPU
		{7D1591C0-C271-496D-8A54-FB97E7DB9179}.Release|Any CPU.Build.0 = Release|Any CPU
		{9F1618E9-229E-4C57-A3AD-55F66998BC87}.Debug|Any CPU.ActiveCfg = Debug|Any CPU
		{9F1618E9-229E-4C57-A3AD-55F66998BC87}.Debug|Any CPU.Build.0 = Debug|Any CPU
		{9F1618E9-229E-4C57-A3AD-55F66998BC87}.Release|Any CPU.ActiveCfg = Release|Any CPU
		{9F1618E9-229E-4C57-A3AD-55F66998BC87}.Release|Any CPU.Build.0 = Release|Any CPU
		{FE504FC2-E8FC-4500-96BA-7D24BE50A284}.Debug|Any CPU.ActiveCfg = Debug|Any CPU
		{FE504FC2-E8FC-4500-96BA-7D24BE50A284}.Debug|Any CPU.Build.0 = Debug|Any CPU
		{FE504FC2-E8FC-4500-96BA-7D24BE50A284}.Release|Any CPU.ActiveCfg = Release|Any CPU
		{FE504FC2-E8FC-4500-96BA-7D24BE50A284}.Release|Any CPU.Build.0 = Release|Any CPU
	EndGlobalSection
	GlobalSection(SolutionProperties) = preSolution
		HideSolutionNode = FALSE
	EndGlobalSection
	GlobalSection(NestedProjects) = preSolution
		{8E5A850C-ECD7-4272-ABDD-0A5864033B6B} = {9AE7D89E-4455-4A79-9F6F-D9593E250E3C}
		{1F913F33-A348-41D0-B117-0412F5B9CA81} = {29E15A9C-BDF8-477C-8E64-74A4F3A9736B}
		{FA791295-8588-4B07-9566-906E5F055998} = {29E15A9C-BDF8-477C-8E64-74A4F3A9736B}
		{82E51959-36F7-4CB3-9B14-45C7D07F89FA} = {29E15A9C-BDF8-477C-8E64-74A4F3A9736B}
		{C35E0147-431E-433E-A62E-C7510C474E06} = {29E15A9C-BDF8-477C-8E64-74A4F3A9736B}
		{1FB7B99A-F568-4ADE-BB48-4FDE85536F25} = {756E9EAC-1D8E-435D-A351-40499D9A2924}
		{5427E38B-ADF9-47BA-8485-A3BAAA87DCDB} = {756E9EAC-1D8E-435D-A351-40499D9A2924}
		{40C09CDC-2789-40C6-95C1-71C7C99C8159} = {ACC1015E-4938-48A5-8615-3992A3EA35BE}
		{DEC71D48-C28F-4050-ADE5-603D1DD193C5} = {64A34EC1-1192-4AE1-88C9-1A1661998120}
		{664C7A5A-A783-48A3-BECC-7971B7313F17} = {103A8430-1DFD-4D3D-B098-9EDF9A0E68A8}
		{7D1591C0-C271-496D-8A54-FB97E7DB9179} = {0A625D58-12D2-4026-A163-945674F10482}
		{9F1618E9-229E-4C57-A3AD-55F66998BC87} = {0A625D58-12D2-4026-A163-945674F10482}
		{FE504FC2-E8FC-4500-96BA-7D24BE50A284} = {0A625D58-12D2-4026-A163-945674F10482}
	EndGlobalSection
EndGlobal
